// !$*UTF8*$!
{
	archiveVersion = 1;
	classes = {
	};
	objectVersion = 50;
	objects = {

/* Begin PBXBuildFile section */
		BB19946F2209FA8A0038BAD8 /* AppDelegate.swift in Sources */ = {isa = PBXBuildFile; fileRef = BB19946E2209FA8A0038BAD8 /* AppDelegate.swift */; };
		BB1994712209FA8A0038BAD8 /* ViewController.swift in Sources */ = {isa = PBXBuildFile; fileRef = BB1994702209FA8A0038BAD8 /* ViewController.swift */; };
		BB1994742209FA8A0038BAD8 /* Main.storyboard in Resources */ = {isa = PBXBuildFile; fileRef = BB1994722209FA8A0038BAD8 /* Main.storyboard */; };
		BB1994762209FA8C0038BAD8 /* Assets.xcassets in Resources */ = {isa = PBXBuildFile; fileRef = BB1994752209FA8C0038BAD8 /* Assets.xcassets */; };
		BB1994792209FA8C0038BAD8 /* LaunchScreen.storyboard in Resources */ = {isa = PBXBuildFile; fileRef = BB1994772209FA8C0038BAD8 /* LaunchScreen.storyboard */; };
		BB1994812209FB6B0038BAD8 /* LoginViewController.swift in Sources */ = {isa = PBXBuildFile; fileRef = BB1994802209FB6B0038BAD8 /* LoginViewController.swift */; };
		BB1994832209FB7C0038BAD8 /* SignUpViewController.swift in Sources */ = {isa = PBXBuildFile; fileRef = BB1994822209FB7C0038BAD8 /* SignUpViewController.swift */; };
/* End PBXBuildFile section */

/* Begin PBXFileReference section */
		BB19946B2209FA8A0038BAD8 /* SoupKitchen.app */ = {isa = PBXFileReference; explicitFileType = wrapper.application; includeInIndex = 0; path = SoupKitchen.app; sourceTree = BUILT_PRODUCTS_DIR; };
		BB19946E2209FA8A0038BAD8 /* AppDelegate.swift */ = {isa = PBXFileReference; lastKnownFileType = sourcecode.swift; path = AppDelegate.swift; sourceTree = "<group>"; };
		BB1994702209FA8A0038BAD8 /* ViewController.swift */ = {isa = PBXFileReference; lastKnownFileType = sourcecode.swift; path = ViewController.swift; sourceTree = "<group>"; };
		BB1994732209FA8A0038BAD8 /* Base */ = {isa = PBXFileReference; lastKnownFileType = file.storyboard; name = Base; path = Base.lproj/Main.storyboard; sourceTree = "<group>"; };
		BB1994752209FA8C0038BAD8 /* Assets.xcassets */ = {isa = PBXFileReference; lastKnownFileType = folder.assetcatalog; path = Assets.xcassets; sourceTree = "<group>"; };
		BB1994782209FA8C0038BAD8 /* Base */ = {isa = PBXFileReference; lastKnownFileType = file.storyboard; name = Base; path = Base.lproj/LaunchScreen.storyboard; sourceTree = "<group>"; };
		BB19947A2209FA8C0038BAD8 /* Info.plist */ = {isa = PBXFileReference; lastKnownFileType = text.plist.xml; path = Info.plist; sourceTree = "<group>"; };
		BB1994802209FB6B0038BAD8 /* LoginViewController.swift */ = {isa = PBXFileReference; lastKnownFileType = sourcecode.swift; path = LoginViewController.swift; sourceTree = "<group>"; };
		BB1994822209FB7C0038BAD8 /* SignUpViewController.swift */ = {isa = PBXFileReference; lastKnownFileType = sourcecode.swift; path = SignUpViewController.swift; sourceTree = "<group>"; };
/* End PBXFileReference section */

/* Begin PBXFrameworksBuildPhase section */
		BB1994682209FA8A0038BAD8 /* Frameworks */ = {
			isa = PBXFrameworksBuildPhase;
			buildActionMask = 2147483647;
			files = (
			);
			runOnlyForDeploymentPostprocessing = 0;
		};
/* End PBXFrameworksBuildPhase section */

/* Begin PBXGroup section */
		BB1994622209FA8A0038BAD8 = {
			isa = PBXGroup;
			children = (
				BB19946D2209FA8A0038BAD8 /* SoupKitchen */,
				BB19946C2209FA8A0038BAD8 /* Products */,
			);
			sourceTree = "<group>";
		};
		BB19946C2209FA8A0038BAD8 /* Products */ = {
			isa = PBXGroup;
			children = (
				BB19946B2209FA8A0038BAD8 /* SoupKitchen.app */,
			);
			name = Products;
			sourceTree = "<group>";
		};
		BB19946D2209FA8A0038BAD8 /* SoupKitchen */ = {
			isa = PBXGroup;
			children = (
				BB19946E2209FA8A0038BAD8 /* AppDelegate.swift */,
				BB1994702209FA8A0038BAD8 /* ViewController.swift */,
				BB1994722209FA8A0038BAD8 /* Main.storyboard */,
				BB1994802209FB6B0038BAD8 /* LoginViewController.swift */,
				BB1994822209FB7C0038BAD8 /* SignUpViewController.swift */,
				BB1994752209FA8C0038BAD8 /* Assets.xcassets */,
				BB1994772209FA8C0038BAD8 /* LaunchScreen.storyboard */,
				BB19947A2209FA8C0038BAD8 /* Info.plist */,
			);
			path = SoupKitchen;
			sourceTree = "<group>";
		};
/* End PBXGroup section */

/* Begin PBXNativeTarget section */
		BB19946A2209FA8A0038BAD8 /* SoupKitchen */ = {
			isa = PBXNativeTarget;
			buildConfigurationList = BB19947D2209FA8C0038BAD8 /* Build configuration list for PBXNativeTarget "SoupKitchen" */;
			buildPhases = (
				BB1994672209FA8A0038BAD8 /* Sources */,
				BB1994682209FA8A0038BAD8 /* Frameworks */,
				BB1994692209FA8A0038BAD8 /* Resources */,
			);
			buildRules = (
			);
			dependencies = (
			);
			name = SoupKitchen;
			productName = SoupKitchen;
			productReference = BB19946B2209FA8A0038BAD8 /* SoupKitchen.app */;
			productType = "com.apple.product-type.application";
		};
/* End PBXNativeTarget section */

/* Begin PBXProject section */
		BB1994632209FA8A0038BAD8 /* Project object */ = {
			isa = PBXProject;
			attributes = {
				LastSwiftUpdateCheck = 1010;
				LastUpgradeCheck = 1010;
				ORGANIZATIONNAME = JS;
				TargetAttributes = {
					BB19946A2209FA8A0038BAD8 = {
						CreatedOnToolsVersion = 10.1;
					};
				};
			};
			buildConfigurationList = BB1994662209FA8A0038BAD8 /* Build configuration list for PBXProject "SoupKitchen" */;
			compatibilityVersion = "Xcode 9.3";
			developmentRegion = en;
			hasScannedForEncodings = 0;
			knownRegions = (
				en,
				Base,
			);
			mainGroup = BB1994622209FA8A0038BAD8;
			productRefGroup = BB19946C2209FA8A0038BAD8 /* Products */;
			projectDirPath = "";
			projectRoot = "";
			targets = (
				BB19946A2209FA8A0038BAD8 /* SoupKitchen */,
			);
		};
/* End PBXProject section */

/* Begin PBXResourcesBuildPhase section */
		BB1994692209FA8A0038BAD8 /* Resources */ = {
			isa = PBXResourcesBuildPhase;
			buildActionMask = 2147483647;
			files = (
				BB1994792209FA8C0038BAD8 /* LaunchScreen.storyboard in Resources */,
				BB1994762209FA8C0038BAD8 /* Assets.xcassets in Resources */,
				BB1994742209FA8A0038BAD8 /* Main.storyboard in Resources */,
			);
			runOnlyForDeploymentPostprocessing = 0;
		};
/* End PBXResourcesBuildPhase section */

/* Begin PBXSourcesBuildPhase section */
		BB1994672209FA8A0038BAD8 /* Sources */ = {
			isa = PBXSourcesBuildPhase;
			buildActionMask = 2147483647;
			files = (
				BB1994812209FB6B0038BAD8 /* LoginViewController.swift in Sources */,
				BB1994712209FA8A0038BAD8 /* ViewController.swift in Sources */,
				BB1994832209FB7C0038BAD8 /* SignUpViewController.swift in Sources */,
				BB19946F2209FA8A0038BAD8 /* AppDelegate.swift in Sources */,
			);
			runOnlyForDeploymentPostprocessing = 0;
		};
/* End PBXSourcesBuildPhase section */

/* Begin PBXVariantGroup section */
		BB1994722209FA8A0038BAD8 /* Main.storyboard */ = {
			isa = PBXVariantGroup;
			children = (
				BB1994732209FA8A0038BAD8 /* Base */,
			);
			name = Main.storyboard;
			sourceTree = "<group>";
		};
		BB1994772209FA8C0038BAD8 /* LaunchScreen.storyboard */ = {
			isa = PBXVariantGroup;
			children = (
				BB1994782209FA8C0038BAD8 /* Base */,
			);
			name = LaunchScreen.storyboard;
			sourceTree = "<group>";
		};
/* End PBXVariantGroup section */

/* Begin XCBuildConfiguration section */
		BB19947B2209FA8C0038BAD8 /* Debug */ = {
			isa = XCBuildConfiguration;
			buildSettings = {
				ALWAYS_SEARCH_USER_PATHS = NO;
				CLANG_ANALYZER_NONNULL = YES;
				CLANG_ANALYZER_NUMBER_OBJECT_CONVERSION = YES_AGGRESSIVE;
				CLANG_CXX_LANGUAGE_STANDARD = "gnu++14";
				CLANG_CXX_LIBRARY = "libc++";
				CLANG_ENABLE_MODULES = YES;
				CLANG_ENABLE_OBJC_ARC = YES;
				CLANG_ENABLE_OBJC_WEAK = YES;
				CLANG_WARN_BLOCK_CAPTURE_AUTORELEASING = YES;
				CLANG_WARN_BOOL_CONVERSION = YES;
				CLANG_WARN_COMMA = YES;
				CLANG_WARN_CONSTANT_CONVERSION = YES;
				CLANG_WARN_DEPRECATED_OBJC_IMPLEMENTATIONS = YES;
				CLANG_WARN_DIRECT_OBJC_ISA_USAGE = YES_ERROR;
				CLANG_WARN_DOCUMENTATION_COMMENTS = YES;
				CLANG_WARN_EMPTY_BODY = YES;
				CLANG_WARN_ENUM_CONVERSION = YES;
				CLANG_WARN_INFINITE_RECURSION = YES;
				CLANG_WARN_INT_CONVERSION = YES;
				CLANG_WARN_NON_LITERAL_NULL_CONVERSION = YES;
				CLANG_WARN_OBJC_IMPLICIT_RETAIN_SELF = YES;
				CLANG_WARN_OBJC_LITERAL_CONVERSION = YES;
				CLANG_WARN_OBJC_ROOT_CLASS = YES_ERROR;
				CLANG_WARN_RANGE_LOOP_ANALYSIS = YES;
				CLANG_WARN_STRICT_PROTOTYPES = YES;
				CLANG_WARN_SUSPICIOUS_MOVE = YES;
				CLANG_WARN_UNGUARDED_AVAILABILITY = YES_AGGRESSIVE;
				CLANG_WARN_UNREACHABLE_CODE = YES;
				CLANG_WARN__DUPLICATE_METHOD_MATCH = YES;
				CODE_SIGN_IDENTITY = "iPhone Developer";
				COPY_PHASE_STRIP = NO;
				DEBUG_INFORMATION_FORMAT = dwarf;
				ENABLE_STRICT_OBJC_MSGSEND = YES;
				ENABLE_TESTABILITY = YES;
				GCC_C_LANGUAGE_STANDARD = gnu11;
				GCC_DYNAMIC_NO_PIC = NO;
				GCC_NO_COMMON_BLOCKS = YES;
				GCC_OPTIMIZATION_LEVEL = 0;
				GCC_PREPROCESSOR_DEFINITIONS = (
					"DEBUG=1",
					"$(inherited)",
				);
				GCC_WARN_64_TO_32_BIT_CONVERSION = YES;
				GCC_WARN_ABOUT_RETURN_TYPE = YES_ERROR;
				GCC_WARN_UNDECLARED_SELECTOR = YES;
				GCC_WARN_UNINITIALIZED_AUTOS = YES_AGGRESSIVE;
				GCC_WARN_UNUSED_FUNCTION = YES;
				GCC_WARN_UNUSED_VARIABLE = YES;
				IPHONEOS_DEPLOYMENT_TARGET = 12.1;
				MTL_ENABLE_DEBUG_INFO = INCLUDE_SOURCE;
				MTL_FAST_MATH = YES;
				ONLY_ACTIVE_ARCH = YES;
				SDKROOT = iphoneos;
				SWIFT_ACTIVE_COMPILATION_CONDITIONS = DEBUG;
				SWIFT_OPTIMIZATION_LEVEL = "-Onone";
			};
			name = Debug;
		};
		BB19947C2209FA8C0038BAD8 /* Release */ = {
			isa = XCBuildConfiguration;
			buildSettings = {
				ALWAYS_SEARCH_USER_PATHS = NO;
				CLANG_ANALYZER_NONNULL = YES;
				CLANG_ANALYZER_NUMBER_OBJECT_CONVERSION = YES_AGGRESSIVE;
				CLANG_CXX_LANGUAGE_STANDARD = "gnu++14";
				CLANG_CXX_LIBRARY = "libc++";
				CLANG_ENABLE_MODULES = YES;
				CLANG_ENABLE_OBJC_ARC = YES;
				CLANG_ENABLE_OBJC_WEAK = YES;
				CLANG_WARN_BLOCK_CAPTURE_AUTORELEASING = YES;
				CLANG_WARN_BOOL_CONVERSION = YES;
				CLANG_WARN_COMMA = YES;
				CLANG_WARN_CONSTANT_CONVERSION = YES;
				CLANG_WARN_DEPRECATED_OBJC_IMPLEMENTATIONS = YES;
				CLANG_WARN_DIRECT_OBJC_ISA_USAGE = YES_ERROR;
				CLANG_WARN_DOCUMENTATION_COMMENTS = YES;
				CLANG_WARN_EMPTY_BODY = YES;
				CLANG_WARN_ENUM_CONVERSION = YES;
				CLANG_WARN_INFINITE_RECURSION = YES;
				CLANG_WARN_INT_CONVERSION = YES;
				CLANG_WARN_NON_LITERAL_NULL_CONVERSION = YES;
				CLANG_WARN_OBJC_IMPLICIT_RETAIN_SELF = YES;
				CLANG_WARN_OBJC_LITERAL_CONVERSION = YES;
				CLANG_WARN_OBJC_ROOT_CLASS = YES_ERROR;
				CLANG_WARN_RANGE_LOOP_ANALYSIS = YES;
				CLANG_WARN_STRICT_PROTOTYPES = YES;
				CLANG_WARN_SUSPICIOUS_MOVE = YES;
				CLANG_WARN_UNGUARDED_AVAILABILITY = YES_AGGRESSIVE;
				CLANG_WARN_UNREACHABLE_CODE = YES;
				CLANG_WARN__DUPLICATE_METHOD_MATCH = YES;
				CODE_SIGN_IDENTITY = "iPhone Developer";
				COPY_PHASE_STRIP = NO;
				DEBUG_INFORMATION_FORMAT = "dwarf-with-dsym";
				ENABLE_NS_ASSERTIONS = NO;
				ENABLE_STRICT_OBJC_MSGSEND = YES;
				GCC_C_LANGUAGE_STANDARD = gnu11;
				GCC_NO_COMMON_BLOCKS = YES;
				GCC_WARN_64_TO_32_BIT_CONVERSION = YES;
				GCC_WARN_ABOUT_RETURN_TYPE = YES_ERROR;
				GCC_WARN_UNDECLARED_SELECTOR = YES;
				GCC_WARN_UNINITIALIZED_AUTOS = YES_AGGRESSIVE;
				GCC_WARN_UNUSED_FUNCTION = YES;
				GCC_WARN_UNUSED_VARIABLE = YES;
				IPHONEOS_DEPLOYMENT_TARGET = 12.1;
				MTL_ENABLE_DEBUG_INFO = NO;
				MTL_FAST_MATH = YES;
				SDKROOT = iphoneos;
				SWIFT_COMPILATION_MODE = wholemodule;
				SWIFT_OPTIMIZATION_LEVEL = "-O";
				VALIDATE_PRODUCT = YES;
			};
			name = Release;
		};
		BB19947E2209FA8C0038BAD8 /* Debug */ = {
			isa = XCBuildConfiguration;
			buildSettings = {
				ASSETCATALOG_COMPILER_APPICON_NAME = AppIcon;
				CODE_SIGN_STYLE = Automatic;
				DEVELOPMENT_TEAM = 7M33TUA2Z8;
				INFOPLIST_FILE = SoupKitchen/Info.plist;
				LD_RUNPATH_SEARCH_PATHS = (
					"$(inherited)",
					"@executable_path/Frameworks",
				);
				PRODUCT_BUNDLE_IDENTIFIER = com.JS.SoupKitchen;
				PRODUCT_NAME = "$(TARGET_NAME)";
				SWIFT_VERSION = 4.2;
				TARGETED_DEVICE_FAMILY = "1,2";
			};
			name = Debug;
		};
		BB19947F2209FA8C0038BAD8 /* Release */ = {
			isa = XCBuildConfiguration;
			buildSettings = {
				ASSETCATALOG_COMPILER_APPICON_NAME = AppIcon;
				CODE_SIGN_STYLE = Automatic;
				DEVELOPMENT_TEAM = 7M33TUA2Z8;
				INFOPLIST_FILE = SoupKitchen/Info.plist;
				LD_RUNPATH_SEARCH_PATHS = (
					"$(inherited)",
					"@executable_path/Frameworks",
				);
				PRODUCT_BUNDLE_IDENTIFIER = com.JS.SoupKitchen;
				PRODUCT_NAME = "$(TARGET_NAME)";
				SWIFT_VERSION = 4.2;
				TARGETED_DEVICE_FAMILY = "1,2";
			};
			name = Release;
		};
/* End XCBuildConfiguration section */

/* Begin XCConfigurationList section */
		BB1994662209FA8A0038BAD8 /* Build configuration list for PBXProject "SoupKitchen" */ = {
			isa = XCConfigurationList;
			buildConfigurations = (
				BB19947B2209FA8C0038BAD8 /* Debug */,
				BB19947C2209FA8C0038BAD8 /* Release */,
			);
			defaultConfigurationIsVisible = 0;
			defaultConfigurationName = Release;
		};
		BB19947D2209FA8C0038BAD8 /* Build configuration list for PBXNativeTarget "SoupKitchen" */ = {
			isa = XCConfigurationList;
			buildConfigurations = (
				BB19947E2209FA8C0038BAD8 /* Debug */,
				BB19947F2209FA8C0038BAD8 /* Release */,
			);
			defaultConfigurationIsVisible = 0;
			defaultConfigurationName = Release;
		};
/* End XCConfigurationList section */
	};
	rootObject = BB1994632209FA8A0038BAD8 /* Project object */;
}
